
Microsoft Visual Studio Solution File, Format Version 12.00
# Visual Studio 15
Project("{FAE04EC0-301F-11D3-BF4B-00C04F79EFBC}") = "UnityEngine.UI", "UnityEngine.UI.csproj", "{CD683FB0-19C4-2489-727E-F242660C6B16}"
EndProject
Project("{FAE04EC0-301F-11D3-BF4B-00C04F79EFBC}") = "Assembly-CSharp", "Assembly-CSharp.csproj", "{2D44386C-0AFB-4A08-0BFD-E99A79DDE4CF}"
EndProject
Project("{FAE04EC0-301F-11D3-BF4B-00C04F79EFBC}") = "UnityEngine.TestRunner", "UnityEngine.TestRunner.csproj", "{8D8CB50F-AF9E-A28B-8E61-B1D9B5A63A18}"
EndProject
Project("{FAE04EC0-301F-11D3-BF4B-00C04F79EFBC}") = "Unity.Mathematics", "Unity.Mathematics.csproj", "{D30C36BE-14BF-6AC8-8329-AE2EB180D120}"
EndProject
Project("{FAE04EC0-301F-11D3-BF4B-00C04F79EFBC}") = "Unity.2D.Animation.Triangle.Runtime", "Unity.2D.Animation.Triangle.Runtime.csproj", "{47BB41CF-8954-35F4-B546-2B10E624328A}"
EndProject
Project("{FAE04EC0-301F-11D3-BF4B-00C04F79EFBC}") = "Unity.Timeline", "Unity.Timeline.csproj", "{B3B76D1A-01F8-3EDD-6481-73D77EED1A8D}"
EndProject
Project("{FAE04EC0-301F-11D3-BF4B-00C04F79EFBC}") = "Unity.TextMeshPro", "Unity.TextMeshPro.csproj", "{395F5446-2610-2D52-C2AE-4A8148BA0078}"
EndProject
Project("{FAE04EC0-301F-11D3-BF4B-00C04F79EFBC}") = "Unity.2D.Animation.Runtime", "Unity.2D.Animation.Runtime.csproj", "{BE55CBB7-FF0D-1C94-6104-8417A6F98528}"
EndProject
Project("{FAE04EC0-301F-11D3-BF4B-00C04F79EFBC}") = "Unity.2D.IK.Runtime", "Unity.2D.IK.Runtime.csproj", "{9AA9385E-1B78-D287-A7C0-684C58075ACE}"
EndProject
Project("{FAE04EC0-301F-11D3-BF4B-00C04F79EFBC}") = "Unity.2D.SpriteShape.Runtime", "Unity.2D.SpriteShape.Runtime.csproj", "{7753CB46-C0A3-AB93-CAAB-121075FF5437}"
EndProject
Project("{FAE04EC0-301F-11D3-BF4B-00C04F79EFBC}") = "SuperTiled2Unity", "SuperTiled2Unity.csproj", "{157B8E98-3EFA-3C70-2D6F-C511D1DB5E7C}"
EndProject
Project("{FAE04EC0-301F-11D3-BF4B-00C04F79EFBC}") = "Unity.2D.PixelPerfect", "Unity.2D.PixelPerfect.csproj", "{E73C0DFE-5D77-1493-72D6-9A51D988D6B8}"
EndProject
Project("{FAE04EC0-301F-11D3-BF4B-00C04F79EFBC}") = "Unity.2D.Common.Runtime", "Unity.2D.Common.Runtime.csproj", "{00DF3902-90B6-68C0-50DF-394C1E7D21BE}"
EndProject
Project("{FAE04EC0-301F-11D3-BF4B-00C04F79EFBC}") = "Unity.InternalAPIEngineBridge.001", "Unity.InternalAPIEngineBridge.001.csproj", "{D9FE35D6-5689-A863-F120-9EF3A35E75E9}"
EndProject
Project("{FAE04EC0-301F-11D3-BF4B-00C04F79EFBC}") = "UnityEditor.TestRunner", "UnityEditor.TestRunner.csproj", "{8798F3F7-A8B8-B7BD-85E0-7FA7183EFB1E}"
EndProject
Project("{FAE04EC0-301F-11D3-BF4B-00C04F79EFBC}") = "Unity.PlasticSCM.Editor", "Unity.PlasticSCM.Editor.csproj", "{1CEDDFD0-23D7-E6FF-3D3D-04B4E208985A}"
EndProject
Project("{FAE04EC0-301F-11D3-BF4B-00C04F79EFBC}") = "UnityEditor.UI", "UnityEditor.UI.csproj", "{F0FAA023-0CC0-9ADF-EBFE-64FBF3EA8977}"
EndProject
Project("{FAE04EC0-301F-11D3-BF4B-00C04F79EFBC}") = "Unity.Timeline.Editor", "Unity.Timeline.Editor.csproj", "{26994742-80EB-D18F-587A-C735C66B9C5E}"
EndProject
Project("{FAE04EC0-301F-11D3-BF4B-00C04F79EFBC}") = "Unity.VisualStudio.Editor", "Unity.VisualStudio.Editor.csproj", "{1F86D7AB-B551-0181-576F-2F286D91AB91}"
EndProject
Project("{FAE04EC0-301F-11D3-BF4B-00C04F79EFBC}") = "Unity.2D.Psdimporter.Editor", "Unity.2D.Psdimporter.Editor.csproj", "{190194BB-755E-88CA-0181-E096365D8648}"
EndProject
Project("{FAE04EC0-301F-11D3-BF4B-00C04F79EFBC}") = "Unity.2D.Animation.Editor", "Unity.2D.Animation.Editor.csproj", "{C52575C5-D6F8-045B-2B31-50B4EE6358F8}"
EndProject
Project("{FAE04EC0-301F-11D3-BF4B-00C04F79EFBC}") = "Unity.TextMeshPro.Editor", "Unity.TextMeshPro.Editor.csproj", "{40872A7F-539F-868E-571C-E135EE0B4F2B}"
EndProject
Project("{FAE04EC0-301F-11D3-BF4B-00C04F79EFBC}") = "Unity.2D.SpriteShape.Editor", "Unity.2D.SpriteShape.Editor.csproj", "{19BD9817-3CBC-D67D-67ED-52E14FB5D8C8}"
EndProject
Project("{FAE04EC0-301F-11D3-BF4B-00C04F79EFBC}") = "Unity.CollabProxy.Editor", "Unity.CollabProxy.Editor.csproj", "{460FA71A-37C1-8DF3-DBBB-F7D04066338E}"
EndProject
Project("{FAE04EC0-301F-11D3-BF4B-00C04F79EFBC}") = "PsdPlugin", "PsdPlugin.csproj", "{AA5F4AF3-D35A-DBF1-7F76-5AE085C4790D}"
EndProject
Project("{FAE04EC0-301F-11D3-BF4B-00C04F79EFBC}") = "SuperTiled2UnityEditor", "SuperTiled2UnityEditor.csproj", "{AC78CDEC-D12A-CC97-01B2-55DCA9A26DB5}"
EndProject
Project("{FAE04EC0-301F-11D3-BF4B-00C04F79EFBC}") = "Unity.2D.Path.Editor", "Unity.2D.Path.Editor.csproj", "{82C5CE6E-29D9-B36D-1B69-2141CD19B98B}"
EndProject
Project("{FAE04EC0-301F-11D3-BF4B-00C04F79EFBC}") = "Unity.Rider.Editor", "Unity.Rider.Editor.csproj", "{E0CF03D7-FA7B-8890-908C-267FD2D84F34}"
EndProject
Project("{FAE04EC0-301F-11D3-BF4B-00C04F79EFBC}") = "Unity.2D.IK.Editor", "Unity.2D.IK.Editor.csproj", "{8B0C826F-2481-3719-5B0D-837519BAE74C}"
EndProject
Project("{FAE04EC0-301F-11D3-BF4B-00C04F79EFBC}") = "Unity.2D.Sprite.Editor", "Unity.2D.Sprite.Editor.csproj", "{FD63D5E0-EC8C-BB01-3E33-B1BDDF8AFDA8}"
EndProject
Project("{FAE04EC0-301F-11D3-BF4B-00C04F79EFBC}") = "Unity.2D.Tilemap.Editor", "Unity.2D.Tilemap.Editor.csproj", "{9F7745D4-020B-9A0B-F3AA-A8850687529E}"
EndProject
Project("{FAE04EC0-301F-11D3-BF4B-00C04F79EFBC}") = "Unity.2D.PixelPerfect.Editor", "Unity.2D.PixelPerfect.Editor.csproj", "{DA469E1B-A2F5-1232-55C4-528839F97C1A}"
EndProject
Project("{FAE04EC0-301F-11D3-BF4B-00C04F79EFBC}") = "Unity.VSCode.Editor", "Unity.VSCode.Editor.csproj", "{318D3C4F-B982-2F5D-1CD5-F33FC51D46E0}"
EndProject
Project("{FAE04EC0-301F-11D3-BF4B-00C04F79EFBC}") = "Unity.2D.Common.Editor", "Unity.2D.Common.Editor.csproj", "{DFD6922F-8B9B-79B6-BEAE-D4F833763351}"
EndProject
Project("{FAE04EC0-301F-11D3-BF4B-00C04F79EFBC}") = "Unity.Mathematics.Editor", "Unity.Mathematics.Editor.csproj", "{595D2400-2954-65E2-5EF0-C2EAA347AAFB}"
EndProject
Project("{FAE04EC0-301F-11D3-BF4B-00C04F79EFBC}") = "Unity.InternalAPIEditorBridge.001", "Unity.InternalAPIEditorBridge.001.csproj", "{EFE3E3F3-4DB2-A6FF-147A-D5E31DDE88E3}"
EndProject
Project("{FAE04EC0-301F-11D3-BF4B-00C04F79EFBC}") = "UnityEngine.UI", "UnityEngine.UI.Player.csproj", "{8B6CB6CD-DE29-20B5-6AE8-924CB622749F}"
EndProject
Project("{FAE04EC0-301F-11D3-BF4B-00C04F79EFBC}") = "Assembly-CSharp", "Assembly-CSharp.Player.csproj", "{0BD351E6-BCDB-1977-DA39-EDAD79EB8DC5}"
EndProject
Project("{FAE04EC0-301F-11D3-BF4B-00C04F79EFBC}") = "UnityEngine.TestRunner", "UnityEngine.TestRunner.Player.csproj", "{283A697C-EF31-F56E-7A50-12B03415F66F}"
EndProject
Project("{FAE04EC0-301F-11D3-BF4B-00C04F79EFBC}") = "Unity.Mathematics", "Unity.Mathematics.Player.csproj", "{4C6398BD-86BD-26D1-A712-CCECDBCD846B}"
EndProject
Project("{FAE04EC0-301F-11D3-BF4B-00C04F79EFBC}") = "Unity.2D.Animation.Triangle.Runtime", "Unity.2D.Animation.Triangle.Runtime.Player.csproj", "{2516BC1C-B0DA-0FB2-B2C3-930E58EE18E1}"
EndProject
Project("{FAE04EC0-301F-11D3-BF4B-00C04F79EFBC}") = "Unity.Timeline", "Unity.Timeline.Player.csproj", "{CE9F9A61-2633-FD92-CB42-802BD92AA289}"
EndProject
Project("{FAE04EC0-301F-11D3-BF4B-00C04F79EFBC}") = "Unity.TextMeshPro", "Unity.TextMeshPro.Player.csproj", "{F072EBA4-3CDC-997D-651F-E2D68D2E680D}"
EndProject
Project("{FAE04EC0-301F-11D3-BF4B-00C04F79EFBC}") = "Unity.2D.Animation.Runtime", "Unity.2D.Animation.Runtime.Player.csproj", "{E60944FB-8917-7D06-2189-DB9108505A0F}"
EndProject
Project("{FAE04EC0-301F-11D3-BF4B-00C04F79EFBC}") = "Unity.2D.IK.Runtime", "Unity.2D.IK.Runtime.Player.csproj", "{020BB1B7-86AE-CC23-9B25-A534FE029A07}"
EndProject
Project("{FAE04EC0-301F-11D3-BF4B-00C04F79EFBC}") = "Unity.2D.SpriteShape.Runtime", "Unity.2D.SpriteShape.Runtime.Player.csproj", "{6B02ED95-3053-8047-BA71-5A150AAEED55}"
EndProject
Project("{FAE04EC0-301F-11D3-BF4B-00C04F79EFBC}") = "SuperTiled2Unity", "SuperTiled2Unity.Player.csproj", "{7A3F9FB1-3EA6-154D-28B3-4B2ED3F58640}"
EndProject
Project("{FAE04EC0-301F-11D3-BF4B-00C04F79EFBC}") = "Unity.2D.PixelPerfect", "Unity.2D.PixelPerfect.Player.csproj", "{D8C3E2B8-ACA3-61B6-0A2B-5751795CF015}"
EndProject
Project("{FAE04EC0-301F-11D3-BF4B-00C04F79EFBC}") = "Unity.2D.Common.Runtime", "Unity.2D.Common.Runtime.Player.csproj", "{398E5054-451E-0868-10A3-0B8597B640C9}"
EndProject
Project("{FAE04EC0-301F-11D3-BF4B-00C04F79EFBC}") = "Unity.InternalAPIEngineBridge.001", "Unity.InternalAPIEngineBridge.001.Player.csproj", "{728F8D88-9E2B-F3AB-AC88-1F26C7A248F0}"
EndProject
Global
	GlobalSection(SolutionConfigurationPlatforms) = preSolution
		Debug|Any CPU = Debug|Any CPU
		Release|Any CPU = Release|Any CPU
	EndGlobalSection
	GlobalSection(ProjectConfigurationPlatforms) = postSolution
		{CD683FB0-19C4-2489-727E-F242660C6B16}.Debug|Any CPU.ActiveCfg = Debug|Any CPU
		{CD683FB0-19C4-2489-727E-F242660C6B16}.Debug|Any CPU.Build.0 = Debug|Any CPU
		{CD683FB0-19C4-2489-727E-F242660C6B16}.Release|Any CPU.ActiveCfg = Release|Any CPU
		{CD683FB0-19C4-2489-727E-F242660C6B16}.Release|Any CPU.Build.0 = Release|Any CPU
		{2D44386C-0AFB-4A08-0BFD-E99A79DDE4CF}.Debug|Any CPU.ActiveCfg = Debug|Any CPU
		{2D44386C-0AFB-4A08-0BFD-E99A79DDE4CF}.Debug|Any CPU.Build.0 = Debug|Any CPU
		{2D44386C-0AFB-4A08-0BFD-E99A79DDE4CF}.Release|Any CPU.ActiveCfg = Release|Any CPU
		{2D44386C-0AFB-4A08-0BFD-E99A79DDE4CF}.Release|Any CPU.Build.0 = Release|Any CPU
		{8D8CB50F-AF9E-A28B-8E61-B1D9B5A63A18}.Debug|Any CPU.ActiveCfg = Debug|Any CPU
		{8D8CB50F-AF9E-A28B-8E61-B1D9B5A63A18}.Debug|Any CPU.Build.0 = Debug|Any CPU
		{8D8CB50F-AF9E-A28B-8E61-B1D9B5A63A18}.Release|Any CPU.ActiveCfg = Release|Any CPU
		{8D8CB50F-AF9E-A28B-8E61-B1D9B5A63A18}.Release|Any CPU.Build.0 = Release|Any CPU
		{D30C36BE-14BF-6AC8-8329-AE2EB180D120}.Debug|Any CPU.ActiveCfg = Debug|Any CPU
		{D30C36BE-14BF-6AC8-8329-AE2EB180D120}.Debug|Any CPU.Build.0 = Debug|Any CPU
		{D30C36BE-14BF-6AC8-8329-AE2EB180D120}.Release|Any CPU.ActiveCfg = Release|Any CPU
		{D30C36BE-14BF-6AC8-8329-AE2EB180D120}.Release|Any CPU.Build.0 = Release|Any CPU
		{47BB41CF-8954-35F4-B546-2B10E624328A}.Debug|Any CPU.ActiveCfg = Debug|Any CPU
		{47BB41CF-8954-35F4-B546-2B10E624328A}.Debug|Any CPU.Build.0 = Debug|Any CPU
		{47BB41CF-8954-35F4-B546-2B10E624328A}.Release|Any CPU.ActiveCfg = Release|Any CPU
		{47BB41CF-8954-35F4-B546-2B10E624328A}.Release|Any CPU.Build.0 = Release|Any CPU
		{B3B76D1A-01F8-3EDD-6481-73D77EED1A8D}.Debug|Any CPU.ActiveCfg = Debug|Any CPU
		{B3B76D1A-01F8-3EDD-6481-73D77EED1A8D}.Debug|Any CPU.Build.0 = Debug|Any CPU
		{B3B76D1A-01F8-3EDD-6481-73D77EED1A8D}.Release|Any CPU.ActiveCfg = Release|Any CPU
		{B3B76D1A-01F8-3EDD-6481-73D77EED1A8D}.Release|Any CPU.Build.0 = Release|Any CPU
		{395F5446-2610-2D52-C2AE-4A8148BA0078}.Debug|Any CPU.ActiveCfg = Debug|Any CPU
		{395F5446-2610-2D52-C2AE-4A8148BA0078}.Debug|Any CPU.Build.0 = Debug|Any CPU
		{395F5446-2610-2D52-C2AE-4A8148BA0078}.Release|Any CPU.ActiveCfg = Release|Any CPU
		{395F5446-2610-2D52-C2AE-4A8148BA0078}.Release|Any CPU.Build.0 = Release|Any CPU
		{BE55CBB7-FF0D-1C94-6104-8417A6F98528}.Debug|Any CPU.ActiveCfg = Debug|Any CPU
		{BE55CBB7-FF0D-1C94-6104-8417A6F98528}.Debug|Any CPU.Build.0 = Debug|Any CPU
		{BE55CBB7-FF0D-1C94-6104-8417A6F98528}.Release|Any CPU.ActiveCfg = Release|Any CPU
		{BE55CBB7-FF0D-1C94-6104-8417A6F98528}.Release|Any CPU.Build.0 = Release|Any CPU
		{9AA9385E-1B78-D287-A7C0-684C58075ACE}.Debug|Any CPU.ActiveCfg = Debug|Any CPU
		{9AA9385E-1B78-D287-A7C0-684C58075ACE}.Debug|Any CPU.Build.0 = Debug|Any CPU
		{9AA9385E-1B78-D287-A7C0-684C58075ACE}.Release|Any CPU.ActiveCfg = Release|Any CPU
		{9AA9385E-1B78-D287-A7C0-684C58075ACE}.Release|Any CPU.Build.0 = Release|Any CPU
		{7753CB46-C0A3-AB93-CAAB-121075FF5437}.Debug|Any CPU.ActiveCfg = Debug|Any CPU
		{7753CB46-C0A3-AB93-CAAB-121075FF5437}.Debug|Any CPU.Build.0 = Debug|Any CPU
		{7753CB46-C0A3-AB93-CAAB-121075FF5437}.Release|Any CPU.ActiveCfg = Release|Any CPU
		{7753CB46-C0A3-AB93-CAAB-121075FF5437}.Release|Any CPU.Build.0 = Release|Any CPU
		{157B8E98-3EFA-3C70-2D6F-C511D1DB5E7C}.Debug|Any CPU.ActiveCfg = Debug|Any CPU
		{157B8E98-3EFA-3C70-2D6F-C511D1DB5E7C}.Debug|Any CPU.Build.0 = Debug|Any CPU
		{157B8E98-3EFA-3C70-2D6F-C511D1DB5E7C}.Release|Any CPU.ActiveCfg = Release|Any CPU
		{157B8E98-3EFA-3C70-2D6F-C511D1DB5E7C}.Release|Any CPU.Build.0 = Release|Any CPU
		{E73C0DFE-5D77-1493-72D6-9A51D988D6B8}.Debug|Any CPU.ActiveCfg = Debug|Any CPU
		{E73C0DFE-5D77-1493-72D6-9A51D988D6B8}.Debug|Any CPU.Build.0 = Debug|Any CPU
		{E73C0DFE-5D77-1493-72D6-9A51D988D6B8}.Release|Any CPU.ActiveCfg = Release|Any CPU
		{E73C0DFE-5D77-1493-72D6-9A51D988D6B8}.Release|Any CPU.Build.0 = Release|Any CPU
		{00DF3902-90B6-68C0-50DF-394C1E7D21BE}.Debug|Any CPU.ActiveCfg = Debug|Any CPU
		{00DF3902-90B6-68C0-50DF-394C1E7D21BE}.Debug|Any CPU.Build.0 = Debug|Any CPU
		{00DF3902-90B6-68C0-50DF-394C1E7D21BE}.Release|Any CPU.ActiveCfg = Release|Any CPU
		{00DF3902-90B6-68C0-50DF-394C1E7D21BE}.Release|Any CPU.Build.0 = Release|Any CPU
		{D9FE35D6-5689-A863-F120-9EF3A35E75E9}.Debug|Any CPU.ActiveCfg = Debug|Any CPU
		{D9FE35D6-5689-A863-F120-9EF3A35E75E9}.Debug|Any CPU.Build.0 = Debug|Any CPU
		{D9FE35D6-5689-A863-F120-9EF3A35E75E9}.Release|Any CPU.ActiveCfg = Release|Any CPU
		{D9FE35D6-5689-A863-F120-9EF3A35E75E9}.Release|Any CPU.Build.0 = Release|Any CPU
		{8798F3F7-A8B8-B7BD-85E0-7FA7183EFB1E}.Debug|Any CPU.ActiveCfg = Debug|Any CPU
		{8798F3F7-A8B8-B7BD-85E0-7FA7183EFB1E}.Debug|Any CPU.Build.0 = Debug|Any CPU
		{8798F3F7-A8B8-B7BD-85E0-7FA7183EFB1E}.Release|Any CPU.ActiveCfg = Release|Any CPU
		{8798F3F7-A8B8-B7BD-85E0-7FA7183EFB1E}.Release|Any CPU.Build.0 = Release|Any CPU
		{1CEDDFD0-23D7-E6FF-3D3D-04B4E208985A}.Debug|Any CPU.ActiveCfg = Debug|Any CPU
		{1CEDDFD0-23D7-E6FF-3D3D-04B4E208985A}.Debug|Any CPU.Build.0 = Debug|Any CPU
		{1CEDDFD0-23D7-E6FF-3D3D-04B4E208985A}.Release|Any CPU.ActiveCfg = Release|Any CPU
		{1CEDDFD0-23D7-E6FF-3D3D-04B4E208985A}.Release|Any CPU.Build.0 = Release|Any CPU
		{F0FAA023-0CC0-9ADF-EBFE-64FBF3EA8977}.Debug|Any CPU.ActiveCfg = Debug|Any CPU
		{F0FAA023-0CC0-9ADF-EBFE-64FBF3EA8977}.Debug|Any CPU.Build.0 = Debug|Any CPU
		{F0FAA023-0CC0-9ADF-EBFE-64FBF3EA8977}.Release|Any CPU.ActiveCfg = Release|Any CPU
		{F0FAA023-0CC0-9ADF-EBFE-64FBF3EA8977}.Release|Any CPU.Build.0 = Release|Any CPU
		{26994742-80EB-D18F-587A-C735C66B9C5E}.Debug|Any CPU.ActiveCfg = Debug|Any CPU
		{26994742-80EB-D18F-587A-C735C66B9C5E}.Debug|Any CPU.Build.0 = Debug|Any CPU
		{26994742-80EB-D18F-587A-C735C66B9C5E}.Release|Any CPU.ActiveCfg = Release|Any CPU
		{26994742-80EB-D18F-587A-C735C66B9C5E}.Release|Any CPU.Build.0 = Release|Any CPU
		{1F86D7AB-B551-0181-576F-2F286D91AB91}.Debug|Any CPU.ActiveCfg = Debug|Any CPU
		{1F86D7AB-B551-0181-576F-2F286D91AB91}.Debug|Any CPU.Build.0 = Debug|Any CPU
		{1F86D7AB-B551-0181-576F-2F286D91AB91}.Release|Any CPU.ActiveCfg = Release|Any CPU
		{1F86D7AB-B551-0181-576F-2F286D91AB91}.Release|Any CPU.Build.0 = Release|Any CPU
		{190194BB-755E-88CA-0181-E096365D8648}.Debug|Any CPU.ActiveCfg = Debug|Any CPU
		{190194BB-755E-88CA-0181-E096365D8648}.Debug|Any CPU.Build.0 = Debug|Any CPU
		{190194BB-755E-88CA-0181-E096365D8648}.Release|Any CPU.ActiveCfg = Release|Any CPU
		{190194BB-755E-88CA-0181-E096365D8648}.Release|Any CPU.Build.0 = Release|Any CPU
		{C52575C5-D6F8-045B-2B31-50B4EE6358F8}.Debug|Any CPU.ActiveCfg = Debug|Any CPU
		{C52575C5-D6F8-045B-2B31-50B4EE6358F8}.Debug|Any CPU.Build.0 = Debug|Any CPU
		{C52575C5-D6F8-045B-2B31-50B4EE6358F8}.Release|Any CPU.ActiveCfg = Release|Any CPU
		{C52575C5-D6F8-045B-2B31-50B4EE6358F8}.Release|Any CPU.Build.0 = Release|Any CPU
		{40872A7F-539F-868E-571C-E135EE0B4F2B}.Debug|Any CPU.ActiveCfg = Debug|Any CPU
		{40872A7F-539F-868E-571C-E135EE0B4F2B}.Debug|Any CPU.Build.0 = Debug|Any CPU
		{40872A7F-539F-868E-571C-E135EE0B4F2B}.Release|Any CPU.ActiveCfg = Release|Any CPU
		{40872A7F-539F-868E-571C-E135EE0B4F2B}.Release|Any CPU.Build.0 = Release|Any CPU
		{19BD9817-3CBC-D67D-67ED-52E14FB5D8C8}.Debug|Any CPU.ActiveCfg = Debug|Any CPU
		{19BD9817-3CBC-D67D-67ED-52E14FB5D8C8}.Debug|Any CPU.Build.0 = Debug|Any CPU
		{19BD9817-3CBC-D67D-67ED-52E14FB5D8C8}.Release|Any CPU.ActiveCfg = Release|Any CPU
		{19BD9817-3CBC-D67D-67ED-52E14FB5D8C8}.Release|Any CPU.Build.0 = Release|Any CPU
		{460FA71A-37C1-8DF3-DBBB-F7D04066338E}.Debug|Any CPU.ActiveCfg = Debug|Any CPU
		{460FA71A-37C1-8DF3-DBBB-F7D04066338E}.Debug|Any CPU.Build.0 = Debug|Any CPU
		{460FA71A-37C1-8DF3-DBBB-F7D04066338E}.Release|Any CPU.ActiveCfg = Release|Any CPU
		{460FA71A-37C1-8DF3-DBBB-F7D04066338E}.Release|Any CPU.Build.0 = Release|Any CPU
		{AA5F4AF3-D35A-DBF1-7F76-5AE085C4790D}.Debug|Any CPU.ActiveCfg = Debug|Any CPU
		{AA5F4AF3-D35A-DBF1-7F76-5AE085C4790D}.Debug|Any CPU.Build.0 = Debug|Any CPU
		{AA5F4AF3-D35A-DBF1-7F76-5AE085C4790D}.Release|Any CPU.ActiveCfg = Release|Any CPU
		{AA5F4AF3-D35A-DBF1-7F76-5AE085C4790D}.Release|Any CPU.Build.0 = Release|Any CPU
		{AC78CDEC-D12A-CC97-01B2-55DCA9A26DB5}.Debug|Any CPU.ActiveCfg = Debug|Any CPU
		{AC78CDEC-D12A-CC97-01B2-55DCA9A26DB5}.Debug|Any CPU.Build.0 = Debug|Any CPU
		{AC78CDEC-D12A-CC97-01B2-55DCA9A26DB5}.Release|Any CPU.ActiveCfg = Release|Any CPU
		{AC78CDEC-D12A-CC97-01B2-55DCA9A26DB5}.Release|Any CPU.Build.0 = Release|Any CPU
		{82C5CE6E-29D9-B36D-1B69-2141CD19B98B}.Debug|Any CPU.ActiveCfg = Debug|Any CPU
		{82C5CE6E-29D9-B36D-1B69-2141CD19B98B}.Debug|Any CPU.Build.0 = Debug|Any CPU
		{82C5CE6E-29D9-B36D-1B69-2141CD19B98B}.Release|Any CPU.ActiveCfg = Release|Any CPU
		{82C5CE6E-29D9-B36D-1B69-2141CD19B98B}.Release|Any CPU.Build.0 = Release|Any CPU
		{E0CF03D7-FA7B-8890-908C-267FD2D84F34}.Debug|Any CPU.ActiveCfg = Debug|Any CPU
		{E0CF03D7-FA7B-8890-908C-267FD2D84F34}.Debug|Any CPU.Build.0 = Debug|Any CPU
		{E0CF03D7-FA7B-8890-908C-267FD2D84F34}.Release|Any CPU.ActiveCfg = Release|Any CPU
		{E0CF03D7-FA7B-8890-908C-267FD2D84F34}.Release|Any CPU.Build.0 = Release|Any CPU
		{8B0C826F-2481-3719-5B0D-837519BAE74C}.Debug|Any CPU.ActiveCfg = Debug|Any CPU
		{8B0C826F-2481-3719-5B0D-837519BAE74C}.Debug|Any CPU.Build.0 = Debug|Any CPU
		{8B0C826F-2481-3719-5B0D-837519BAE74C}.Release|Any CPU.ActiveCfg = Release|Any CPU
		{8B0C826F-2481-3719-5B0D-837519BAE74C}.Release|Any CPU.Build.0 = Release|Any CPU
		{FD63D5E0-EC8C-BB01-3E33-B1BDDF8AFDA8}.Debug|Any CPU.ActiveCfg = Debug|Any CPU
		{FD63D5E0-EC8C-BB01-3E33-B1BDDF8AFDA8}.Debug|Any CPU.Build.0 = Debug|Any CPU
		{FD63D5E0-EC8C-BB01-3E33-B1BDDF8AFDA8}.Release|Any CPU.ActiveCfg = Release|Any CPU
		{FD63D5E0-EC8C-BB01-3E33-B1BDDF8AFDA8}.Release|Any CPU.Build.0 = Release|Any CPU
		{9F7745D4-020B-9A0B-F3AA-A8850687529E}.Debug|Any CPU.ActiveCfg = Debug|Any CPU
		{9F7745D4-020B-9A0B-F3AA-A8850687529E}.Debug|Any CPU.Build.0 = Debug|Any CPU
		{9F7745D4-020B-9A0B-F3AA-A8850687529E}.Release|Any CPU.ActiveCfg = Release|Any CPU
		{9F7745D4-020B-9A0B-F3AA-A8850687529E}.Release|Any CPU.Build.0 = Release|Any CPU
		{DA469E1B-A2F5-1232-55C4-528839F97C1A}.Debug|Any CPU.ActiveCfg = Debug|Any CPU
		{DA469E1B-A2F5-1232-55C4-528839F97C1A}.Debug|Any CPU.Build.0 = Debug|Any CPU
		{DA469E1B-A2F5-1232-55C4-528839F97C1A}.Release|Any CPU.ActiveCfg = Release|Any CPU
		{DA469E1B-A2F5-1232-55C4-528839F97C1A}.Release|Any CPU.Build.0 = Release|Any CPU
		{318D3C4F-B982-2F5D-1CD5-F33FC51D46E0}.Debug|Any CPU.ActiveCfg = Debug|Any CPU
		{318D3C4F-B982-2F5D-1CD5-F33FC51D46E0}.Debug|Any CPU.Build.0 = Debug|Any CPU
		{318D3C4F-B982-2F5D-1CD5-F33FC51D46E0}.Release|Any CPU.ActiveCfg = Release|Any CPU
		{318D3C4F-B982-2F5D-1CD5-F33FC51D46E0}.Release|Any CPU.Build.0 = Release|Any CPU
		{DFD6922F-8B9B-79B6-BEAE-D4F833763351}.Debug|Any CPU.ActiveCfg = Debug|Any CPU
		{DFD6922F-8B9B-79B6-BEAE-D4F833763351}.Debug|Any CPU.Build.0 = Debug|Any CPU
		{DFD6922F-8B9B-79B6-BEAE-D4F833763351}.Release|Any CPU.ActiveCfg = Release|Any CPU
		{DFD6922F-8B9B-79B6-BEAE-D4F833763351}.Release|Any CPU.Build.0 = Release|Any CPU
		{595D2400-2954-65E2-5EF0-C2EAA347AAFB}.Debug|Any CPU.ActiveCfg = Debug|Any CPU
		{595D2400-2954-65E2-5EF0-C2EAA347AAFB}.Debug|Any CPU.Build.0 = Debug|Any CPU
		{595D2400-2954-65E2-5EF0-C2EAA347AAFB}.Release|Any CPU.ActiveCfg = Release|Any CPU
		{595D2400-2954-65E2-5EF0-C2EAA347AAFB}.Release|Any CPU.Build.0 = Release|Any CPU
		{EFE3E3F3-4DB2-A6FF-147A-D5E31DDE88E3}.Debug|Any CPU.ActiveCfg = Debug|Any CPU
		{EFE3E3F3-4DB2-A6FF-147A-D5E31DDE88E3}.Debug|Any CPU.Build.0 = Debug|Any CPU
		{EFE3E3F3-4DB2-A6FF-147A-D5E31DDE88E3}.Release|Any CPU.ActiveCfg = Release|Any CPU
		{EFE3E3F3-4DB2-A6FF-147A-D5E31DDE88E3}.Release|Any CPU.Build.0 = Release|Any CPU
		{8B6CB6CD-DE29-20B5-6AE8-924CB622749F}.Debug|Any CPU.ActiveCfg = Debug|Any CPU
		{8B6CB6CD-DE29-20B5-6AE8-924CB622749F}.Debug|Any CPU.Build.0 = Debug|Any CPU
		{8B6CB6CD-DE29-20B5-6AE8-924CB622749F}.Release|Any CPU.ActiveCfg = Release|Any CPU
		{8B6CB6CD-DE29-20B5-6AE8-924CB622749F}.Release|Any CPU.Build.0 = Release|Any CPU
		{0BD351E6-BCDB-1977-DA39-EDAD79EB8DC5}.Debug|Any CPU.ActiveCfg = Debug|Any CPU
		{0BD351E6-BCDB-1977-DA39-EDAD79EB8DC5}.Debug|Any CPU.Build.0 = Debug|Any CPU
		{0BD351E6-BCDB-1977-DA39-EDAD79EB8DC5}.Release|Any CPU.ActiveCfg = Release|Any CPU
		{0BD351E6-BCDB-1977-DA39-EDAD79EB8DC5}.Release|Any CPU.Build.0 = Release|Any CPU
		{283A697C-EF31-F56E-7A50-12B03415F66F}.Debug|Any CPU.ActiveCfg = Debug|Any CPU
		{283A697C-EF31-F56E-7A50-12B03415F66F}.Debug|Any CPU.Build.0 = Debug|Any CPU
		{283A697C-EF31-F56E-7A50-12B03415F66F}.Release|Any CPU.ActiveCfg = Release|Any CPU
		{283A697C-EF31-F56E-7A50-12B03415F66F}.Release|Any CPU.Build.0 = Release|Any CPU
		{4C6398BD-86BD-26D1-A712-CCECDBCD846B}.Debug|Any CPU.ActiveCfg = Debug|Any CPU
		{4C6398BD-86BD-26D1-A712-CCECDBCD846B}.Debug|Any CPU.Build.0 = Debug|Any CPU
		{4C6398BD-86BD-26D1-A712-CCECDBCD846B}.Release|Any CPU.ActiveCfg = Release|Any CPU
		{4C6398BD-86BD-26D1-A712-CCECDBCD846B}.Release|Any CPU.Build.0 = Release|Any CPU
		{2516BC1C-B0DA-0FB2-B2C3-930E58EE18E1}.Debug|Any CPU.ActiveCfg = Debug|Any CPU
		{2516BC1C-B0DA-0FB2-B2C3-930E58EE18E1}.Debug|Any CPU.Build.0 = Debug|Any CPU
		{2516BC1C-B0DA-0FB2-B2C3-930E58EE18E1}.Release|Any CPU.ActiveCfg = Release|Any CPU
		{2516BC1C-B0DA-0FB2-B2C3-930E58EE18E1}.Release|Any CPU.Build.0 = Release|Any CPU
		{CE9F9A61-2633-FD92-CB42-802BD92AA289}.Debug|Any CPU.ActiveCfg = Debug|Any CPU
		{CE9F9A61-2633-FD92-CB42-802BD92AA289}.Debug|Any CPU.Build.0 = Debug|Any CPU
		{CE9F9A61-2633-FD92-CB42-802BD92AA289}.Release|Any CPU.ActiveCfg = Release|Any CPU
		{CE9F9A61-2633-FD92-CB42-802BD92AA289}.Release|Any CPU.Build.0 = Release|Any CPU
		{F072EBA4-3CDC-997D-651F-E2D68D2E680D}.Debug|Any CPU.ActiveCfg = Debug|Any CPU
		{F072EBA4-3CDC-997D-651F-E2D68D2E680D}.Debug|Any CPU.Build.0 = Debug|Any CPU
		{F072EBA4-3CDC-997D-651F-E2D68D2E680D}.Release|Any CPU.ActiveCfg = Release|Any CPU
		{F072EBA4-3CDC-997D-651F-E2D68D2E680D}.Release|Any CPU.Build.0 = Release|Any CPU
		{E60944FB-8917-7D06-2189-DB9108505A0F}.Debug|Any CPU.ActiveCfg = Debug|Any CPU
		{E60944FB-8917-7D06-2189-DB9108505A0F}.Debug|Any CPU.Build.0 = Debug|Any CPU
		{E60944FB-8917-7D06-2189-DB9108505A0F}.Release|Any CPU.ActiveCfg = Release|Any CPU
		{E60944FB-8917-7D06-2189-DB9108505A0F}.Release|Any CPU.Build.0 = Release|Any CPU
		{020BB1B7-86AE-CC23-9B25-A534FE029A07}.Debug|Any CPU.ActiveCfg = Debug|Any CPU
		{020BB1B7-86AE-CC23-9B25-A534FE029A07}.Debug|Any CPU.Build.0 = Debug|Any CPU
		{020BB1B7-86AE-CC23-9B25-A534FE029A07}.Release|Any CPU.ActiveCfg = Release|Any CPU
		{020BB1B7-86AE-CC23-9B25-A534FE029A07}.Release|Any CPU.Build.0 = Release|Any CPU
		{6B02ED95-3053-8047-BA71-5A150AAEED55}.Debug|Any CPU.ActiveCfg = Debug|Any CPU
		{6B02ED95-3053-8047-BA71-5A150AAEED55}.Debug|Any CPU.Build.0 = Debug|Any CPU
		{6B02ED95-3053-8047-BA71-5A150AAEED55}.Release|Any CPU.ActiveCfg = Release|Any CPU
		{6B02ED95-3053-8047-BA71-5A150AAEED55}.Release|Any CPU.Build.0 = Release|Any CPU
		{7A3F9FB1-3EA6-154D-28B3-4B2ED3F58640}.Debug|Any CPU.ActiveCfg = Debug|Any CPU
		{7A3F9FB1-3EA6-154D-28B3-4B2ED3F58640}.Debug|Any CPU.Build.0 = Debug|Any CPU
		{7A3F9FB1-3EA6-154D-28B3-4B2ED3F58640}.Release|Any CPU.ActiveCfg = Release|Any CPU
		{7A3F9FB1-3EA6-154D-28B3-4B2ED3F58640}.Release|Any CPU.Build.0 = Release|Any CPU
		{D8C3E2B8-ACA3-61B6-0A2B-5751795CF015}.Debug|Any CPU.ActiveCfg = Debug|Any CPU
		{D8C3E2B8-ACA3-61B6-0A2B-5751795CF015}.Debug|Any CPU.Build.0 = Debug|Any CPU
		{D8C3E2B8-ACA3-61B6-0A2B-5751795CF015}.Release|Any CPU.ActiveCfg = Release|Any CPU
		{D8C3E2B8-ACA3-61B6-0A2B-5751795CF015}.Release|Any CPU.Build.0 = Release|Any CPU
		{398E5054-451E-0868-10A3-0B8597B640C9}.Debug|Any CPU.ActiveCfg = Debug|Any CPU
		{398E5054-451E-0868-10A3-0B8597B640C9}.Debug|Any CPU.Build.0 = Debug|Any CPU
		{398E5054-451E-0868-10A3-0B8597B640C9}.Release|Any CPU.ActiveCfg = Release|Any CPU
		{398E5054-451E-0868-10A3-0B8597B640C9}.Release|Any CPU.Build.0 = Release|Any CPU
		{728F8D88-9E2B-F3AB-AC88-1F26C7A248F0}.Debug|Any CPU.ActiveCfg = Debug|Any CPU
		{728F8D88-9E2B-F3AB-AC88-1F26C7A248F0}.Debug|Any CPU.Build.0 = Debug|Any CPU
		{728F8D88-9E2B-F3AB-AC88-1F26C7A248F0}.Release|Any CPU.ActiveCfg = Release|Any CPU
		{728F8D88-9E2B-F3AB-AC88-1F26C7A248F0}.Release|Any CPU.Build.0 = Release|Any CPU
	EndGlobalSection
	GlobalSection(SolutionProperties) = preSolution
		HideSolutionNode = FALSE
	EndGlobalSection
EndGlobal
